<?xml version="1.0" encoding="utf-8"?>
<Project ToolsVersion="4.0" xmlns="http://schemas.microsoft.com/developer/msbuild/2003">
  <ItemGroup>
    <Filter Include="Source Files">
      <UniqueIdentifier>{4FC737F1-C7A5-4376-A066-2A32D752A2FF}</UniqueIdentifier>
      <Extensions>cpp;c;cc;cxx;def;odl;idl;hpj;bat;asm;asmx</Extensions>
    </Filter>
    <Filter Include="Header Files">
      <UniqueIdentifier>{93995380-89BD-4b04-88EB-625FBE52EBFB}</UniqueIdentifier>
      <Extensions>h;hh;hpp;hxx;hm;inl;inc;xsd</Extensions>
    </Filter>
    <Filter Include="obj">
      <UniqueIdentifier>{6f16ce7d-c732-470d-887f-726cad06b012}</UniqueIdentifier>
    </Filter>
  </ItemGroup>
  <ItemGroup>
    <ClCompile Include="ut_caseconv.cpp">
      <Filter>Source Files</Filter>
    </ClCompile>
    <ClCompile Include="ut_hostname.cpp">
      <Filter>Source Files</Filter>
    </ClCompile>
    <ClCompile Include="ut_formatter.cpp">
      <Filter>Source Files</Filter>
    </ClCompile>
    <ClCompile Include="ut_strsrch.cpp">
      <Filter>Source Files</Filter>
    </ClCompile>
    <ClCompile Include="ut_ipaddr.cpp">
      <Filter>Source Files</Filter>
    </ClCompile>
    <ClCompile Include="ut_strcmp.cpp">
      <Filter>Source Files</Filter>
    </ClCompile>
    <ClCompile Include="ut_strfmt.cpp">
      <Filter>Source Files</Filter>
    </ClCompile>
    <ClCompile Include="ut_normurl.cpp">
      <Filter>Source Files</Filter>
    </ClCompile>
    <ClCompile Include="ut_lang.cpp">
      <Filter>Source Files</Filter>
    </ClCompile>
    <ClCompile Include="ut_tstamp.cpp">
      <Filter>Source Files</Filter>
    </ClCompile>
    <ClCompile Include="ut_linklist.cpp">
      <Filter>Source Files</Filter>
    </ClCompile>
    <ClCompile Include="main.cpp">
      <Filter>Source Files</Filter>
    </ClCompile>
    <ClCompile Include="ut_config.cpp">
      <Filter>Source Files</Filter>
    </ClCompile>
    <ClCompile Include="ut_poolalloc.cpp">
      <Filter>Source Files</Filter>
    </ClCompile>
    <ClCompile Include="ut_hashtab.cpp">
      <Filter>Source Files</Filter>
    </ClCompile>
    <ClCompile Include="ut_strcreate.cpp">
      <Filter>Source Files</Filter>
    </ClCompile>
    <ClCompile Include="ut_initseqguard.cpp">
      <Filter>Source Files</Filter>
    </ClCompile>
    <ClCompile Include="ut_berkeleydb.cpp">
      <Filter>Source Files</Filter>
    </ClCompile>
    <ClCompile Include="ut_unicode.cpp">
      <Filter>Source Files</Filter>
    </ClCompile>
    <ClCompile Include="ut_serialize.cpp">
      <Filter>Source Files</Filter>
    </ClCompile>
    <ClCompile Include="ut_ctnode.cpp">
      <Filter>Source Files</Filter>
    </ClCompile>
    <ClCompile Include="pch.cpp">
      <Filter>Source Files</Filter>
    </ClCompile>
  </ItemGroup>
  <ItemGroup>
    <Object Include="..\..\build\$(Platform)\$(Configuration)\obj\char_buffer.obj">
      <Filter>obj</Filter>
    </Object>
    <Object Include="..\..\build\$(Platform)\$(Configuration)\obj\char_buffer_stack.obj">
      <Filter>obj</Filter>
    </Object>
    <Object Include="..\..\build\$(Platform)\$(Configuration)\obj\cp1252.obj">
      <Filter>obj</Filter>
    </Object>
    <Object Include="..\..\build\$(Platform)\$(Configuration)\obj\cp1252_ucs2.obj">
      <Filter>obj</Filter>
    </Object>
    <Object Include="..\..\build\$(Platform)\$(Configuration)\obj\encoder.obj">
      <Filter>obj</Filter>
    </Object>
    <Object Include="..\..\build\$(Platform)\$(Configuration)\obj\exception_win.obj">
      <Filter>obj</Filter>
    </Object>
    <Object Include="..\..\build\$(Platform)\$(Configuration)\obj\fmt_impl.obj">
      <Filter>obj</Filter>
    </Object>
    <Object Include="..\..\build\$(Platform)\$(Configuration)\obj\formatter.obj">
      <Filter>obj</Filter>
    </Object>
    <Object Include="..\..\build\$(Platform)\$(Configuration)\obj\hashtab.obj">
      <Filter>obj</Filter>
    </Object>
    <Object Include="..\..\build\$(Platform)\$(Configuration)\obj\hckdel.obj">
      <Filter>obj</Filter>
    </Object>
    <Object Include="..\..\build\$(Platform)\$(Configuration)\obj\lang.obj">
      <Filter>obj</Filter>
    </Object>
    <Object Include="..\..\build\$(Platform)\$(Configuration)\obj\linklist.obj">
      <Filter>obj</Filter>
    </Object>
    <Object Include="..\..\build\$(Platform)\$(Configuration)\obj\pch.obj">
      <Filter>obj</Filter>
    </Object>
    <Object Include="..\..\build\$(Platform)\$(Configuration)\obj\serialize.obj">
      <Filter>obj</Filter>
    </Object>
    <Object Include="..\..\build\$(Platform)\$(Configuration)\obj\tstamp.obj">
      <Filter>obj</Filter>
    </Object>
    <Object Include="..\..\build\$(Platform)\$(Configuration)\obj\tstring.obj">
      <Filter>obj</Filter>
    </Object>
    <Object Include="..\..\build\$(Platform)\$(Configuration)\obj\unicode.obj">
      <Filter>obj</Filter>
    </Object>
    <Object Include="..\..\build\$(Platform)\$(Configuration)\obj\util_http.obj">
      <Filter>obj</Filter>
    </Object>
    <Object Include="..\..\build\$(Platform)\$(Configuration)\obj\util_ipaddr.obj">
      <Filter>obj</Filter>
    </Object>
    <Object Include="..\..\build\$(Platform)\$(Configuration)\obj\util_path.obj">
      <Filter>obj</Filter>
    </Object>
    <Object Include="..\..\build\$(Platform)\$(Configuration)\obj\util_string.obj">
      <Filter>obj</Filter>
    </Object>
    <Object Include="..\..\build\$(Platform)\$(Configuration)\obj\util_time.obj">
      <Filter>obj</Filter>
    </Object>
    <Object Include="..\..\build\$(Platform)\$(Configuration)\obj\util_url.obj">
      <Filter>obj</Filter>
    </Object>
    <Object Include="..\..\build\$(Platform)\$(Configuration)\obj\utsname.obj">
      <Filter>obj</Filter>
    </Object>
    <Object Include="..\..\build\$(Platform)\$(Configuration)\obj\tmranges.obj">
      <Filter>obj</Filter>
    </Object>
    <Object Include="..\..\build\$(Platform)\$(Configuration)\obj\config.obj">
      <Filter>obj</Filter>
    </Object>
    <Object Include="..\..\build\$(Platform)\$(Configuration)\obj\anode.obj">
      <Filter>obj</Filter>
    </Object>
    <Object Include="..\..\build\$(Platform)\$(Configuration)\obj\ccnode.obj">
      <Filter>obj</Filter>
    </Object>
    <Object Include="..\..\build\$(Platform)\$(Configuration)\obj\ctnode.obj">
      <Filter>obj</Filter>
    </Object>
    <Object Include="..\..\build\$(Platform)\$(Configuration)\obj\hashtab_nodes.obj">
      <Filter>obj</Filter>
    </Object>
    <Object Include="..\..\build\$(Platform)\$(Configuration)\obj\keynode.obj">
      <Filter>obj</Filter>
    </Object>
    <Object Include="..\..\build\$(Platform)\$(Configuration)\obj\unode.obj">
      <Filter>obj</Filter>
    </Object>
    <Object Include="..\..\build\$(Platform)\$(Configuration)\obj\rcnode.obj">
      <Filter>obj</Filter>
    </Object>
    <Object Include="..\..\build\$(Platform)\$(Configuration)\obj\dlnode.obj">
      <Filter>obj</Filter>
    </Object>
    <Object Include="..\..\build\$(Platform)\$(Configuration)\obj\hnode.obj">
      <Filter>obj</Filter>
    </Object>
    <Object Include="..\..\build\$(Platform)\$(Configuration)\obj\vnode.obj">
      <Filter>obj</Filter>
    </Object>
    <Object Include="..\..\build\$(Platform)\$(Configuration)\obj\inode.obj">
      <Filter>obj</Filter>
    </Object>
    <Object Include="..\..\build\$(Platform)\$(Configuration)\obj\snode.obj">
      <Filter>obj</Filter>
    </Object>
    <Object Include="..\..\build\$(Platform)\$(Configuration)\obj\rnode.obj">
      <Filter>obj</Filter>
    </Object>
    <Object Include="..\..\build\$(Platform)\$(Configuration)\obj\berkeleydb.obj">
      <Filter>obj</Filter>
    </Object>
  </ItemGroup>
  <ItemGroup>
    <None Include="packages.config" />
  </ItemGroup>
  <ItemGroup>
    <Library Include="$(BDBDir)lib\$(Platform)\$(Configuration)\$(BDBLibName).lib" />
  </ItemGroup>
  <ItemGroup>
    <ClInclude Include="pch.h">
      <Filter>Header Files</Filter>
    </ClInclude>
  </ItemGroup>
</Project>