<?xml version="1.0" encoding="utf-8"?>
<Project ToolsVersion="4.0" xmlns="http://schemas.microsoft.com/developer/msbuild/2003">
  <ItemGroup>
    <None Include="..\COPYING" />
    <None Include="..\Copyright" />
    <None Include="..\README" />
    <None Include="..\sample.conf" />
    <None Include="..\lang\webalizer_lang.catalan">
      <Filter>lang</Filter>
    </None>
    <None Include="..\lang\webalizer_lang.croatian">
      <Filter>lang</Filter>
    </None>
    <None Include="..\lang\webalizer_lang.czech">
      <Filter>lang</Filter>
    </None>
    <None Include="..\lang\webalizer_lang.danish">
      <Filter>lang</Filter>
    </None>
    <None Include="..\lang\webalizer_lang.dutch">
      <Filter>lang</Filter>
    </None>
    <None Include="..\lang\webalizer_lang.english">
      <Filter>lang</Filter>
    </None>
    <None Include="..\lang\webalizer_lang.estonian">
      <Filter>lang</Filter>
    </None>
    <None Include="..\lang\webalizer_lang.finnish">
      <Filter>lang</Filter>
    </None>
    <None Include="..\lang\webalizer_lang.french">
      <Filter>lang</Filter>
    </None>
    <None Include="..\lang\webalizer_lang.galician">
      <Filter>lang</Filter>
    </None>
    <None Include="..\lang\webalizer_lang.german">
      <Filter>lang</Filter>
    </None>
    <None Include="..\lang\webalizer_lang.greek">
      <Filter>lang</Filter>
    </None>
    <None Include="..\lang\webalizer_lang.hungarian">
      <Filter>lang</Filter>
    </None>
    <None Include="..\lang\webalizer_lang.icelandic">
      <Filter>lang</Filter>
    </None>
    <None Include="..\lang\webalizer_lang.indonesian">
      <Filter>lang</Filter>
    </None>
    <None Include="..\lang\webalizer_lang.italian">
      <Filter>lang</Filter>
    </None>
    <None Include="..\lang\webalizer_lang.japanese">
      <Filter>lang</Filter>
    </None>
    <None Include="..\lang\webalizer_lang.korean">
      <Filter>lang</Filter>
    </None>
    <None Include="..\lang\webalizer_lang.latvian">
      <Filter>lang</Filter>
    </None>
    <None Include="..\lang\webalizer_lang.malay">
      <Filter>lang</Filter>
    </None>
    <None Include="..\lang\webalizer_lang.norwegian">
      <Filter>lang</Filter>
    </None>
    <None Include="..\lang\webalizer_lang.polish">
      <Filter>lang</Filter>
    </None>
    <None Include="..\lang\webalizer_lang.portuguese">
      <Filter>lang</Filter>
    </None>
    <None Include="..\lang\webalizer_lang.portuguese_brazilian">
      <Filter>lang</Filter>
    </None>
    <None Include="..\lang\webalizer_lang.romanian">
      <Filter>lang</Filter>
    </None>
    <None Include="..\lang\webalizer_lang.russian">
      <Filter>lang</Filter>
    </None>
    <None Include="..\lang\webalizer_lang.serbian">
      <Filter>lang</Filter>
    </None>
    <None Include="..\lang\webalizer_lang.simplified_chinese">
      <Filter>lang</Filter>
    </None>
    <None Include="..\lang\webalizer_lang.slovak">
      <Filter>lang</Filter>
    </None>
    <None Include="..\lang\webalizer_lang.slovene">
      <Filter>lang</Filter>
    </None>
    <None Include="..\lang\webalizer_lang.spanish">
      <Filter>lang</Filter>
    </None>
    <None Include="..\lang\webalizer_lang.swedish">
      <Filter>lang</Filter>
    </None>
    <None Include="..\lang\webalizer_lang.turkish">
      <Filter>lang</Filter>
    </None>
    <None Include="..\lang\webalizer_lang.ukrainian">
      <Filter>lang</Filter>
    </None>
    <None Include="webalizer.css">
      <Filter>src</Filter>
    </None>
    <None Include="webalizer.js">
      <Filter>src</Filter>
    </None>
    <None Include="webalizer_highcharts.js">
      <Filter>src</Filter>
    </None>
    <None Include="..\CHANGES" />
    <None Include="packages.package.config" />
  </ItemGroup>
  <ItemGroup>
    <Filter Include="lang">
      <UniqueIdentifier>{524721df-9d31-4e88-9831-2881e4e03644}</UniqueIdentifier>
    </Filter>
    <Filter Include="src">
      <UniqueIdentifier>{29606b9d-4d93-4ab6-a4de-52769551a03f}</UniqueIdentifier>
    </Filter>
    <Filter Include="Libraries">
      <UniqueIdentifier>{f3eb9a1f-54f4-41d0-ae5e-94761fbd011a}</UniqueIdentifier>
    </Filter>
  </ItemGroup>
  <ItemGroup>
    <Library Include="$(GDDir)lib\$(Platform)\$(Configuration)\$(GDLibName).lib">
      <Filter>Libraries</Filter>
    </Library>
    <Library Include="$(BDBDir)lib\$(Platform)\$(Configuration)\$(BDBLibName).lib">
      <Filter>Libraries</Filter>
    </Library>
  </ItemGroup>
</Project>